// !$*UTF8*$!
{
	archiveVersion = 1;
	classes = {
	};
	objectVersion = 46;
	objects = {

/* Begin PBXBuildFile section */
		DD366DC71B034F11009AC53B /* main.m in Sources */ = {isa = PBXBuildFile; fileRef = DD366DC61B034F11009AC53B /* main.m */; };
		DD366DCA1B034F11009AC53B /* AppDelegate.m in Sources */ = {isa = PBXBuildFile; fileRef = DD366DC91B034F11009AC53B /* AppDelegate.m */; };
		DD366DCD1B034F11009AC53B /* ViewController.m in Sources */ = {isa = PBXBuildFile; fileRef = DD366DCC1B034F11009AC53B /* ViewController.m */; };
		DD366DD01B034F11009AC53B /* Main.storyboard in Resources */ = {isa = PBXBuildFile; fileRef = DD366DCE1B034F11009AC53B /* Main.storyboard */; };
		DD366DD21B034F11009AC53B /* Images.xcassets in Resources */ = {isa = PBXBuildFile; fileRef = DD366DD11B034F11009AC53B /* Images.xcassets */; };
		DD366DD51B034F11009AC53B /* LaunchScreen.xib in Resources */ = {isa = PBXBuildFile; fileRef = DD366DD31B034F11009AC53B /* LaunchScreen.xib */; };
		DD366DE11B034F11009AC53B /* CYiOS8_Day31_TouchIDTests.m in Sources */ = {isa = PBXBuildFile; fileRef = DD366DE01B034F11009AC53B /* CYiOS8_Day31_TouchIDTests.m */; };
		DD366DEB1B0356EA009AC53B /* Security.framework in Frameworks */ = {isa = PBXBuildFile; fileRef = DD366DEA1B0356EA009AC53B /* Security.framework */; };
		DD366DEE1B0368F8009AC53B /* CYSecureEngine.m in Sources */ = {isa = PBXBuildFile; fileRef = DD366DED1B0368F8009AC53B /* CYSecureEngine.m */; };
/* End PBXBuildFile section */

/* Begin PBXContainerItemProxy section */
		DD366DDB1B034F11009AC53B /* PBXContainerItemProxy */ = {
			isa = PBXContainerItemProxy;
			containerPortal = DD366DB91B034F10009AC53B /* Project object */;
			proxyType = 1;
			remoteGlobalIDString = DD366DC01B034F11009AC53B;
			remoteInfo = CYiOS8_Day31_TouchID;
		};
/* End PBXContainerItemProxy section */

/* Begin PBXFileReference section */
		DD366DC11B034F11009AC53B /* CYiOS8_Day31_TouchID.app */ = {isa = PBXFileReference; explicitFileType = wrapper.application; includeInIndex = 0; path = CYiOS8_Day31_TouchID.app; sourceTree = BUILT_PRODUCTS_DIR; };
		DD366DC51B034F11009AC53B /* Info.plist */ = {isa = PBXFileReference; lastKnownFileType = text.plist.xml; path = Info.plist; sourceTree = "<group>"; };
		DD366DC61B034F11009AC53B /* main.m */ = {isa = PBXFileReference; lastKnownFileType = sourcecode.c.objc; path = main.m; sourceTree = "<group>"; };
		DD366DC81B034F11009AC53B /* AppDelegate.h */ = {isa = PBXFileReference; lastKnownFileType = sourcecode.c.h; path = AppDelegate.h; sourceTree = "<group>"; };
		DD366DC91B034F11009AC53B /* AppDelegate.m */ = {isa = PBXFileReference; lastKnownFileType = sourcecode.c.objc; path = AppDelegate.m; sourceTree = "<group>"; };
		DD366DCB1B034F11009AC53B /* ViewController.h */ = {isa = PBXFileReference; lastKnownFileType = sourcecode.c.h; path = ViewController.h; sourceTree = "<group>"; };
		DD366DCC1B034F11009AC53B /* ViewController.m */ = {isa = PBXFileReference; lastKnownFileType = sourcecode.c.objc; path = ViewController.m; sourceTree = "<group>"; };
		DD366DCF1B034F11009AC53B /* Base */ = {isa = PBXFileReference; lastKnownFileType = file.storyboard; name = Base; path = Base.lproj/Main.storyboard; sourceTree = "<group>"; };
		DD366DD11B034F11009AC53B /* Images.xcassets */ = {isa = PBXFileReference; lastKnownFileType = folder.assetcatalog; path = Images.xcassets; sourceTree = "<group>"; };
		DD366DD41B034F11009AC53B /* Base */ = {isa = PBXFileReference; lastKnownFileType = file.xib; name = Base; path = Base.lproj/LaunchScreen.xib; sourceTree = "<group>"; };
		DD366DDA1B034F11009AC53B /* CYiOS8_Day31_TouchIDTests.xctest */ = {isa = PBXFileReference; explicitFileType = wrapper.cfbundle; includeInIndex = 0; path = CYiOS8_Day31_TouchIDTests.xctest; sourceTree = BUILT_PRODUCTS_DIR; };
		DD366DDF1B034F11009AC53B /* Info.plist */ = {isa = PBXFileReference; lastKnownFileType = text.plist.xml; path = Info.plist; sourceTree = "<group>"; };
		DD366DE01B034F11009AC53B /* CYiOS8_Day31_TouchIDTests.m */ = {isa = PBXFileReference; lastKnownFileType = sourcecode.c.objc; path = CYiOS8_Day31_TouchIDTests.m; sourceTree = "<group>"; };
		DD366DEA1B0356EA009AC53B /* Security.framework */ = {isa = PBXFileReference; lastKnownFileType = wrapper.framework; name = Security.framework; path = System/Library/Frameworks/Security.framework; sourceTree = SDKROOT; };
		DD366DEC1B0368F8009AC53B /* CYSecureEngine.h */ = {isa = PBXFileReference; fileEncoding = 4; lastKnownFileType = sourcecode.c.h; path = CYSecureEngine.h; sourceTree = "<group>"; };
		DD366DED1B0368F8009AC53B /* CYSecureEngine.m */ = {isa = PBXFileReference; fileEncoding = 4; lastKnownFileType = sourcecode.c.objc; path = CYSecureEngine.m; sourceTree = "<group>"; };
/* End PBXFileReference section */

/* Begin PBXFrameworksBuildPhase section */
		DD366DBE1B034F11009AC53B /* Frameworks */ = {
			isa = PBXFrameworksBuildPhase;
			buildActionMask = 2147483647;
			files = (
				DD366DEB1B0356EA009AC53B /* Security.framework in Frameworks */,
			);
			runOnlyForDeploymentPostprocessing = 0;
		};
		DD366DD71B034F11009AC53B /* Frameworks */ = {
			isa = PBXFrameworksBuildPhase;
			buildActionMask = 2147483647;
			files = (
			);
			runOnlyForDeploymentPostprocessing = 0;
		};
/* End PBXFrameworksBuildPhase section */

/* Begin PBXGroup section */
		DD366DB81B034F10009AC53B = {
			isa = PBXGroup;
			children = (
				DD366DEA1B0356EA009AC53B /* Security.framework */,
				DD366DC31B034F11009AC53B /* CYiOS8_Day31_TouchID */,
				DD366DDD1B034F11009AC53B /* CYiOS8_Day31_TouchIDTests */,
				DD366DC21B034F11009AC53B /* Products */,
			);
			sourceTree = "<group>";
		};
		DD366DC21B034F11009AC53B /* Products */ = {
			isa = PBXGroup;
			children = (
				DD366DC11B034F11009AC53B /* CYiOS8_Day31_TouchID.app */,
				DD366DDA1B034F11009AC53B /* CYiOS8_Day31_TouchIDTests.xctest */,
			);
			name = Products;
			sourceTree = "<group>";
		};
		DD366DC31B034F11009AC53B /* CYiOS8_Day31_TouchID */ = {
			isa = PBXGroup;
			children = (
				DD366DC81B034F11009AC53B /* AppDelegate.h */,
				DD366DC91B034F11009AC53B /* AppDelegate.m */,
				DD366DCB1B034F11009AC53B /* ViewController.h */,
				DD366DCC1B034F11009AC53B /* ViewController.m */,
				DD366DEC1B0368F8009AC53B /* CYSecureEngine.h */,
				DD366DED1B0368F8009AC53B /* CYSecureEngine.m */,
				DD366DCE1B034F11009AC53B /* Main.storyboard */,
				DD366DD11B034F11009AC53B /* Images.xcassets */,
				DD366DD31B034F11009AC53B /* LaunchScreen.xib */,
				DD366DC41B034F11009AC53B /* Supporting Files */,
			);
			path = CYiOS8_Day31_TouchID;
			sourceTree = "<group>";
		};
		DD366DC41B034F11009AC53B /* Supporting Files */ = {
			isa = PBXGroup;
			children = (
				DD366DC51B034F11009AC53B /* Info.plist */,
				DD366DC61B034F11009AC53B /* main.m */,
			);
			name = "Supporting Files";
			sourceTree = "<group>";
		};
		DD366DDD1B034F11009AC53B /* CYiOS8_Day31_TouchIDTests */ = {
			isa = PBXGroup;
			children = (
				DD366DE01B034F11009AC53B /* CYiOS8_Day31_TouchIDTests.m */,
				DD366DDE1B034F11009AC53B /* Supporting Files */,
			);
			path = CYiOS8_Day31_TouchIDTests;
			sourceTree = "<group>";
		};
		DD366DDE1B034F11009AC53B /* Supporting Files */ = {
			isa = PBXGroup;
			children = (
				DD366DDF1B034F11009AC53B /* Info.plist */,
			);
			name = "Supporting Files";
			sourceTree = "<group>";
		};
/* End PBXGroup section */

/* Begin PBXNativeTarget section */
		DD366DC01B034F11009AC53B /* CYiOS8_Day31_TouchID */ = {
			isa = PBXNativeTarget;
			buildConfigurationList = DD366DE41B034F11009AC53B /* Build configuration list for PBXNativeTarget "CYiOS8_Day31_TouchID" */;
			buildPhases = (
				DD366DBD1B034F11009AC53B /* Sources */,
				DD366DBE1B034F11009AC53B /* Frameworks */,
				DD366DBF1B034F11009AC53B /* Resources */,
			);
			buildRules = (
			);
			dependencies = (
			);
			name = CYiOS8_Day31_TouchID;
			productName = CYiOS8_Day31_TouchID;
			productReference = DD366DC11B034F11009AC53B /* CYiOS8_Day31_TouchID.app */;
			productType = "com.apple.product-type.application";
		};
		DD366DD91B034F11009AC53B /* CYiOS8_Day31_TouchIDTests */ = {
			isa = PBXNativeTarget;
			buildConfigurationList = DD366DE71B034F11009AC53B /* Build configuration list for PBXNativeTarget "CYiOS8_Day31_TouchIDTests" */;
			buildPhases = (
				DD366DD61B034F11009AC53B /* Sources */,
				DD366DD71B034F11009AC53B /* Frameworks */,
				DD366DD81B034F11009AC53B /* Resources */,
			);
			buildRules = (
			);
			dependencies = (
				DD366DDC1B034F11009AC53B /* PBXTargetDependency */,
			);
			name = CYiOS8_Day31_TouchIDTests;
			productName = CYiOS8_Day31_TouchIDTests;
			productReference = DD366DDA1B034F11009AC53B /* CYiOS8_Day31_TouchIDTests.xctest */;
			productType = "com.apple.product-type.bundle.unit-test";
		};
/* End PBXNativeTarget section */

/* Begin PBXProject section */
		DD366DB91B034F10009AC53B /* Project object */ = {
			isa = PBXProject;
			attributes = {
				LastUpgradeCheck = 0630;
				ORGANIZATIONNAME = "Constance Yang";
				TargetAttributes = {
					DD366DC01B034F11009AC53B = {
						CreatedOnToolsVersion = 6.3;
					};
					DD366DD91B034F11009AC53B = {
						CreatedOnToolsVersion = 6.3;
						TestTargetID = DD366DC01B034F11009AC53B;
					};
				};
			};
			buildConfigurationList = DD366DBC1B034F10009AC53B /* Build configuration list for PBXProject "CYiOS8_Day31_TouchID" */;
			compatibilityVersion = "Xcode 3.2";
			developmentRegion = English;
			hasScannedForEncodings = 0;
			knownRegions = (
				en,
				Base,
			);
			mainGroup = DD366DB81B034F10009AC53B;
			productRefGroup = DD366DC21B034F11009AC53B /* Products */;
			projectDirPath = "";
			projectRoot = "";
			targets = (
				DD366DC01B034F11009AC53B /* CYiOS8_Day31_TouchID */,
				DD366DD91B034F11009AC53B /* CYiOS8_Day31_TouchIDTests */,
			);
		};
/* End PBXProject section */

/* Begin PBXResourcesBuildPhase section */
		DD366DBF1B034F11009AC53B /* Resources */ = {
			isa = PBXResourcesBuildPhase;
			buildActionMask = 2147483647;
			files = (
				DD366DD01B034F11009AC53B /* Main.storyboard in Resources */,
				DD366DD51B034F11009AC53B /* LaunchScreen.xib in Resources */,
				DD366DD21B034F11009AC53B /* Images.xcassets in Resources */,
			);
			runOnlyForDeploymentPostprocessing = 0;
		};
		DD366DD81B034F11009AC53B /* Resources */ = {
			isa = PBXResourcesBuildPhase;
			buildActionMask = 2147483647;
			files = (
			);
			runOnlyForDeploymentPostprocessing = 0;
		};
/* End PBXResourcesBuildPhase section */

/* Begin PBXSourcesBuildPhase section */
		DD366DBD1B034F11009AC53B /* Sources */ = {
			isa = PBXSourcesBuildPhase;
			buildActionMask = 2147483647;
			files = (
				DD366DEE1B0368F8009AC53B /* CYSecureEngine.m in Sources */,
				DD366DCD1B034F11009AC53B /* ViewController.m in Sources */,
				DD366DCA1B034F11009AC53B /* AppDelegate.m in Sources */,
				DD366DC71B034F11009AC53B /* main.m in Sources */,
			);
			runOnlyForDeploymentPostprocessing = 0;
		};
		DD366DD61B034F11009AC53B /* Sources */ = {
			isa = PBXSourcesBuildPhase;
			buildActionMask = 2147483647;
			files = (
				DD366DE11B034F11009AC53B /* CYiOS8_Day31_TouchIDTests.m in Sources */,
			);
			runOnlyForDeploymentPostprocessing = 0;
		};
/* End PBXSourcesBuildPhase section */

/* Begin PBXTargetDependency section */
		DD366DDC1B034F11009AC53B /* PBXTargetDependency */ = {
			isa = PBXTargetDependency;
			target = DD366DC01B034F11009AC53B /* CYiOS8_Day31_TouchID */;
			targetProxy = DD366DDB1B034F11009AC53B /* PBXContainerItemProxy */;
		};
/* End PBXTargetDependency section */

/* Begin PBXVariantGroup section */
		DD366DCE1B034F11009AC53B /* Main.storyboard */ = {
			isa = PBXVariantGroup;
			children = (
				DD366DCF1B034F11009AC53B /* Base */,
			);
			name = Main.storyboard;
			sourceTree = "<group>";
		};
		DD366DD31B034F11009AC53B /* LaunchScreen.xib */ = {
			isa = PBXVariantGroup;
			children = (
				DD366DD41B034F11009AC53B /* Base */,
			);
			name = LaunchScreen.xib;
			sourceTree = "<group>";
		};
/* End PBXVariantGroup section */

/* Begin XCBuildConfiguration section */
		DD366DE21B034F11009AC53B /* Debug */ = {
			isa = XCBuildConfiguration;
			buildSettings = {
				ALWAYS_SEARCH_USER_PATHS = NO;
				CLANG_CXX_LANGUAGE_STANDARD = "gnu++0x";
				CLANG_CXX_LIBRARY = "libc++";
				CLANG_ENABLE_MODULES = YES;
				CLANG_ENABLE_OBJC_ARC = YES;
				CLANG_WARN_BOOL_CONVERSION = YES;
				CLANG_WARN_CONSTANT_CONVERSION = YES;
				CLANG_WARN_DIRECT_OBJC_ISA_USAGE = YES_ERROR;
				CLANG_WARN_EMPTY_BODY = YES;
				CLANG_WARN_ENUM_CONVERSION = YES;
				CLANG_WARN_INT_CONVERSION = YES;
				CLANG_WARN_OBJC_ROOT_CLASS = YES_ERROR;
				CLANG_WARN_UNREACHABLE_CODE = YES;
				CLANG_WARN__DUPLICATE_METHOD_MATCH = YES;
				"CODE_SIGN_IDENTITY[sdk=iphoneos*]" = "iPhone Developer";
				COPY_PHASE_STRIP = NO;
				DEBUG_INFORMATION_FORMAT = "dwarf-with-dsym";
				ENABLE_STRICT_OBJC_MSGSEND = YES;
				GCC_C_LANGUAGE_STANDARD = gnu99;
				GCC_DYNAMIC_NO_PIC = NO;
				GCC_NO_COMMON_BLOCKS = YES;
				GCC_OPTIMIZATION_LEVEL = 0;
				GCC_PREPROCESSOR_DEFINITIONS = (
					"DEBUG=1",
					"$(inherited)",
				);
				GCC_SYMBOLS_PRIVATE_EXTERN = NO;
				GCC_WARN_64_TO_32_BIT_CONVERSION = YES;
				GCC_WARN_ABOUT_RETURN_TYPE = YES_ERROR;
				GCC_WARN_UNDECLARED_SELECTOR = YES;
				GCC_WARN_UNINITIALIZED_AUTOS = YES_AGGRESSIVE;
				GCC_WARN_UNUSED_FUNCTION = YES;
				GCC_WARN_UNUSED_VARIABLE = YES;
				IPHONEOS_DEPLOYMENT_TARGET = 8.3;
				MTL_ENABLE_DEBUG_INFO = YES;
				ONLY_ACTIVE_ARCH = YES;
				SDKROOT = iphoneos;
			};
			name = Debug;
		};
		DD366DE31B034F11009AC53B /* Release */ = {
			isa = XCBuildConfiguration;
			buildSettings = {
				ALWAYS_SEARCH_USER_PATHS = NO;
				CLANG_CXX_LANGUAGE_STANDARD = "gnu++0x";
				CLANG_CXX_LIBRARY = "libc++";
				CLANG_ENABLE_MODULES = YES;
				CLANG_ENABLE_OBJC_ARC = YES;
				CLANG_WARN_BOOL_CONVERSION = YES;
				CLANG_WARN_CONSTANT_CONVERSION = YES;
				CLANG_WARN_DIRECT_OBJC_ISA_USAGE = YES_ERROR;
				CLANG_WARN_EMPTY_BODY = YES;
				CLANG_WARN_ENUM_CONVERSION = YES;
				CLANG_WARN_INT_CONVERSION = YES;
				CLANG_WARN_OBJC_ROOT_CLASS = YES_ERROR;
				CLANG_WARN_UNREACHABLE_CODE = YES;
				CLANG_WARN__DUPLICATE_METHOD_MATCH = YES;
				"CODE_SIGN_IDENTITY[sdk=iphoneos*]" = "iPhone Developer";
				COPY_PHASE_STRIP = NO;
				DEBUG_INFORMATION_FORMAT = "dwarf-with-dsym";
				ENABLE_NS_ASSERTIONS = NO;
				ENABLE_STRICT_OBJC_MSGSEND = YES;
				GCC_C_LANGUAGE_STANDARD = gnu99;
				GCC_NO_COMMON_BLOCKS = YES;
				GCC_WARN_64_TO_32_BIT_CONVERSION = YES;
				GCC_WARN_ABOUT_RETURN_TYPE = YES_ERROR;
				GCC_WARN_UNDECLARED_SELECTOR = YES;
				GCC_WARN_UNINITIALIZED_AUTOS = YES_AGGRESSIVE;
				GCC_WARN_UNUSED_FUNCTION = YES;
				GCC_WARN_UNUSED_VARIABLE = YES;
				IPHONEOS_DEPLOYMENT_TARGET = 8.3;
				MTL_ENABLE_DEBUG_INFO = NO;
				SDKROOT = iphoneos;
				VALIDATE_PRODUCT = YES;
			};
			name = Release;
		};
		DD366DE51B034F11009AC53B /* Debug */ = {
			isa = XCBuildConfiguration;
			buildSettings = {
				ASSETCATALOG_COMPILER_APPICON_NAME = AppIcon;
				INFOPLIST_FILE = CYiOS8_Day31_TouchID/Info.plist;
				IPHONEOS_DEPLOYMENT_TARGET = 8.0;
				LD_RUNPATH_SEARCH_PATHS = "$(inherited) @executable_path/Frameworks";
				PRODUCT_NAME = "$(TARGET_NAME)";
			};
			name = Debug;
		};
		DD366DE61B034F11009AC53B /* Release */ = {
			isa = XCBuildConfiguration;
			buildSettings = {
				ASSETCATALOG_COMPILER_APPICON_NAME = AppIcon;
				INFOPLIST_FILE = CYiOS8_Day31_TouchID/Info.plist;
				IPHONEOS_DEPLOYMENT_TARGET = 8.0;
				LD_RUNPATH_SEARCH_PATHS = "$(inherited) @executable_path/Frameworks";
				PRODUCT_NAME = "$(TARGET_NAME)";
			};
			name = Release;
		};
		DD366DE81B034F11009AC53B /* Debug */ = {
			isa = XCBuildConfiguration;
			buildSettings = {
				BUNDLE_LOADER = "$(TEST_HOST)";
				FRAMEWORK_SEARCH_PATHS = (
					"$(SDKROOT)/Developer/Library/Frameworks",
					"$(inherited)",
				);
				GCC_PREPROCESSOR_DEFINITIONS = (
					"DEBUG=1",
					"$(inherited)",
				);
				INFOPLIST_FILE = CYiOS8_Day31_TouchIDTests/Info.plist;
				LD_RUNPATH_SEARCH_PATHS = "$(inherited) @executable_path/Frameworks @loader_path/Frameworks";
				PRODUCT_NAME = "$(TARGET_NAME)";
				TEST_HOST = "$(BUILT_PRODUCTS_DIR)/CYiOS8_Day31_TouchID.app/CYiOS8_Day31_TouchID";
			};
			name = Debug;
		};
		DD366DE91B034F11009AC53B /* Release */ = {
			isa = XCBuildConfiguration;
			buildSettings = {
				BUNDLE_LOADER = "$(TEST_HOST)";
				FRAMEWORK_SEARCH_PATHS = (
					"$(SDKROOT)/Developer/Library/Frameworks",
					"$(inherited)",
				);
				INFOPLIST_FILE = CYiOS8_Day31_TouchIDTests/Info.plist;
				LD_RUNPATH_SEARCH_PATHS = "$(inherited) @executable_path/Frameworks @loader_path/Frameworks";
				PRODUCT_NAME = "$(TARGET_NAME)";
				TEST_HOST = "$(BUILT_PRODUCTS_DIR)/CYiOS8_Day31_TouchID.app/CYiOS8_Day31_TouchID";
			};
			name = Release;
		};
/* End XCBuildConfiguration section */

/* Begin XCConfigurationList section */
		DD366DBC1B034F10009AC53B /* Build configuration list for PBXProject "CYiOS8_Day31_TouchID" */ = {
			isa = XCConfigurationList;
			buildConfigurations = (
				DD366DE21B034F11009AC53B /* Debug */,
				DD366DE31B034F11009AC53B /* Release */,
			);
			defaultConfigurationIsVisible = 0;
			defaultConfigurationName = Release;
		};
		DD366DE41B034F11009AC53B /* Build configuration list for PBXNativeTarget "CYiOS8_Day31_TouchID" */ = {
			isa = XCConfigurationList;
			buildConfigurations = (
				DD366DE51B034F11009AC53B /* Debug */,
				DD366DE61B034F11009AC53B /* Release */,
			);
			defaultConfigurationIsVisible = 0;
			defaultConfigurationName = Release;
		};
		DD366DE71B034F11009AC53B /* Build configuration list for PBXNativeTarget "CYiOS8_Day31_TouchIDTests" */ = {
			isa = XCConfigurationList;
			buildConfigurations = (
				DD366DE81B034F11009AC53B /* Debug */,
				DD366DE91B034F11009AC53B /* Release */,
			);
			defaultConfigurationIsVisible = 0;
			defaultConfigurationName = Release;
		};
/* End XCConfigurationList section */
	};
	rootObject = DD366DB91B034F10009AC53B /* Project object */;
}
